
Microsoft Visual Studio Solution File, Format Version 12.00
# Visual Studio 2013
VisualStudioVersion = 12.0.31010.0
MinimumVisualStudioVersion = 10.0.40219.1
Project("{FAE04EC0-301F-11D3-BF4B-00C04F79EFBC}") = "BitCollectors.WinFormsControl.TestUI", "BitCollectors.WinFormsControl.TestUI\BitCollectors.WinFormsControl.TestUI.csproj", "{431E51BD-C8B8-41C0-A37A-7769D710597A}"
EndProject
Project("{FAE04EC0-301F-11D3-BF4B-00C04F79EFBC}") = "BitCollectors.WinFormsControls", "BitCollectors.WinFormsControls\BitCollectors.WinFormsControls.csproj", "{F4FF6B73-400F-4AC3-9546-C3121D2C6413}"
EndProject
Project("{F088123C-0E9E-452A-89E6-6BA2F21D5CAC}") = "BitCollectors.WinFormsControls.Diagrams", "BitCollectors.WinFormsControls.Diagrams\BitCollectors.WinFormsControls.Diagrams.modelproj", "{69C68096-D53B-4C93-954F-293A5049E1CC}"
EndProject
Global
	GlobalSection(SolutionConfigurationPlatforms) = preSolution
		Debug|Any CPU = Debug|Any CPU
		Debug|Mixed Platforms = Debug|Mixed Platforms
		Debug|x86 = Debug|x86
		Release|Any CPU = Release|Any CPU
		Release|Mixed Platforms = Release|Mixed Platforms
		Release|x86 = Release|x86
	EndGlobalSection
	GlobalSection(ProjectConfigurationPlatforms) = postSolution
		{431E51BD-C8B8-41C0-A37A-7769D710597A}.Debug|Any CPU.ActiveCfg = Release|Any CPU
		{431E51BD-C8B8-41C0-A37A-7769D710597A}.Debug|Any CPU.Build.0 = Release|Any CPU
		{431E51BD-C8B8-41C0-A37A-7769D710597A}.Debug|Mixed Platforms.ActiveCfg = Debug|x86
		{431E51BD-C8B8-41C0-A37A-7769D710597A}.Debug|Mixed Platforms.Build.0 = Debug|x86
		{431E51BD-C8B8-41C0-A37A-7769D710597A}.Debug|x86.ActiveCfg = Debug|x86
		{431E51BD-C8B8-41C0-A37A-7769D710597A}.Debug|x86.Build.0 = Debug|x86
		{431E51BD-C8B8-41C0-A37A-7769D710597A}.Release|Any CPU.ActiveCfg = Release|Any CPU
		{431E51BD-C8B8-41C0-A37A-7769D710597A}.Release|Any CPU.Build.0 = Release|Any CPU
		{431E51BD-C8B8-41C0-A37A-7769D710597A}.Release|Mixed Platforms.ActiveCfg = Release|x86
		{431E51BD-C8B8-41C0-A37A-7769D710597A}.Release|Mixed Platforms.Build.0 = Release|x86
		{431E51BD-C8B8-41C0-A37A-7769D710597A}.Release|x86.ActiveCfg = Release|x86
		{431E51BD-C8B8-41C0-A37A-7769D710597A}.Release|x86.Build.0 = Release|x86
		{F4FF6B73-400F-4AC3-9546-C3121D2C6413}.Debug|Any CPU.ActiveCfg = Release|Any CPU
		{F4FF6B73-400F-4AC3-9546-C3121D2C6413}.Debug|Any CPU.Build.0 = Release|Any CPU
		{F4FF6B73-400F-4AC3-9546-C3121D2C6413}.Debug|Mixed Platforms.ActiveCfg = Debug|x86
		{F4FF6B73-400F-4AC3-9546-C3121D2C6413}.Debug|Mixed Platforms.Build.0 = Debug|x86
		{F4FF6B73-400F-4AC3-9546-C3121D2C6413}.Debug|x86.ActiveCfg = Debug|x86
		{F4FF6B73-400F-4AC3-9546-C3121D2C6413}.Debug|x86.Build.0 = Debug|x86
		{F4FF6B73-400F-4AC3-9546-C3121D2C6413}.Release|Any CPU.ActiveCfg = Release|Any CPU
		{F4FF6B73-400F-4AC3-9546-C3121D2C6413}.Release|Any CPU.Build.0 = Release|Any CPU
		{F4FF6B73-400F-4AC3-9546-C3121D2C6413}.Release|Mixed Platforms.ActiveCfg = Release|x86
		{F4FF6B73-400F-4AC3-9546-C3121D2C6413}.Release|Mixed Platforms.Build.0 = Release|x86
		{F4FF6B73-400F-4AC3-9546-C3121D2C6413}.Release|x86.ActiveCfg = Release|x86
		{F4FF6B73-400F-4AC3-9546-C3121D2C6413}.Release|x86.Build.0 = Release|x86
		{69C68096-D53B-4C93-954F-293A5049E1CC}.Debug|Any CPU.ActiveCfg = Debug|Any CPU
		{69C68096-D53B-4C93-954F-293A5049E1CC}.Debug|Any CPU.Build.0 = Debug|Any CPU
		{69C68096-D53B-4C93-954F-293A5049E1CC}.Debug|Mixed Platforms.ActiveCfg = Debug|Any CPU
		{69C68096-D53B-4C93-954F-293A5049E1CC}.Debug|Mixed Platforms.Build.0 = Debug|Any CPU
		{69C68096-D53B-4C93-954F-293A5049E1CC}.Debug|x86.ActiveCfg = Debug|Any CPU
		{69C68096-D53B-4C93-954F-293A5049E1CC}.Release|Any CPU.ActiveCfg = Release|Any CPU
		{69C68096-D53B-4C93-954F-293A5049E1CC}.Release|Any CPU.Build.0 = Release|Any CPU
		{69C68096-D53B-4C93-954F-293A5049E1CC}.Release|Mixed Platforms.ActiveCfg = Release|Any CPU
		{69C68096-D53B-4C93-954F-293A5049E1CC}.Release|Mixed Platforms.Build.0 = Release|Any CPU
		{69C68096-D53B-4C93-954F-293A5049E1CC}.Release|x86.ActiveCfg = Release|Any CPU
	EndGlobalSection
	GlobalSection(SolutionProperties) = preSolution
		HideSolutionNode = FALSE
	EndGlobalSection
	GlobalSection(CodealikeProperties) = postSolution
		SolutionGuid = cd3b435d-3970-4b6b-9cb5-cf1f176feb9f
	EndGlobalSection
	GlobalSection(NDepend) = preSolution
		Project = ".\BitCollectors.WinFormsControls.ndproj"
	EndGlobalSection
EndGlobal
